
Microsoft Visual Studio Solution File, Format Version 12.00
# Visual Studio Version 16
VisualStudioVersion = 16.0.30413.136
MinimumVisualStudioVersion = 10.0.40219.1
Project("{FAE04EC0-301F-11D3-BF4B-00C04F79EFBC}") = "1_ora", "1_ora\1_ora.csproj", "{3E1E98F4-ACBD-416C-9A13-A5CFAF88AC17}"
EndProject
Project("{FAE04EC0-301F-11D3-BF4B-00C04F79EFBC}") = "2_ora", "2_ora\2_ora.csproj", "{5ED7B9DA-6CA1-496D-8E50-EA275627D357}"
EndProject
Project("{FAE04EC0-301F-11D3-BF4B-00C04F79EFBC}") = "0909_hazi", "0909_hazi\0909_hazi\0909_hazi.csproj", "{C6646508-8AA7-4339-A8F0-5D1285A017B3}"
EndProject
Project("{FAE04EC0-301F-11D3-BF4B-00C04F79EFBC}") = "TryParse", "TryParse\TryParse.csproj", "{C9C327B6-C57A-4C9E-859C-283EC0FA06FD}"
EndProject
Project("{FAE04EC0-301F-11D3-BF4B-00C04F79EFBC}") = "eloltesztelos_ciklus", "eloltesztelos_ciklus\eloltesztelos_ciklus.csproj", "{ED28CA86-486A-404A-896E-A662E3CB625D}"
EndProject
Project("{FAE04EC0-301F-11D3-BF4B-00C04F79EFBC}") = "Hatul_tesztelos_ciklus", "Hatul_tesztelos_ciklus\Hatul_tesztelos_ciklus.csproj", "{E5C1354F-03E8-4443-B79C-EAB381E9713D}"
EndProject
Project("{FAE04EC0-301F-11D3-BF4B-00C04F79EFBC}") = "Tombok", "Tombok\Tombok.csproj", "{3DF0F656-15EE-404B-B199-02C4553EEB55}"
EndProject
Project("{FAE04EC0-301F-11D3-BF4B-00C04F79EFBC}") = "Ertektipusok", "Ertektipusok\Ertektipusok.csproj", "{C5BE1B15-0E8C-40A0-A46E-08655BBCD65F}"
EndProject
Project("{FAE04EC0-301F-11D3-BF4B-00C04F79EFBC}") = "Dinamikus_tomb_Lista", "Dinamikus_tomb_Lista\Dinamikus_tomb_Lista.csproj", "{7CEBED7D-09A0-4519-9572-31859BA09AD2}"
EndProject
Project("{FAE04EC0-301F-11D3-BF4B-00C04F79EFBC}") = "sikidomok_osztaly_fuggveny", "sikidomok_osztaly_fuggveny\sikidomok_osztaly_fuggveny.csproj", "{9F702B45-2980-41D6-9BD7-9D4A7E1D1793}"
EndProject
Project("{FAE04EC0-301F-11D3-BF4B-00C04F79EFBC}") = "lista_feltolt", "lista_feltolt\lista_feltolt.csproj", "{FC43B2FC-7A5D-4486-9428-E0D67180B260}"
EndProject
Project("{FAE04EC0-301F-11D3-BF4B-00C04F79EFBC}") = "Ermehamistas", "Ermehamistas\Ermehamistas.csproj", "{2DC471AB-BED3-4D19-B4C8-3EC7CAA6C266}"
EndProject
Project("{FAE04EC0-301F-11D3-BF4B-00C04F79EFBC}") = "Plane_ENG", "Plane_ENG\Plane_ENG.csproj", "{E5F547A4-D0B8-4926-BEF2-781647AF059B}"
EndProject
Project("{FAE04EC0-301F-11D3-BF4B-00C04F79EFBC}") = "Hazi_feladat", "Hazi_feladat\Hazi_feladat.csproj", "{2BB22C01-D63D-4D41-A948-A5F53C74C1A8}"
EndProject
Project("{FAE04EC0-301F-11D3-BF4B-00C04F79EFBC}") = "Objektumok", "Objektumok\Objektumok.csproj", "{4881D939-A1AB-4AAE-96FC-A2DD8FE62685}"
EndProject
Project("{FAE04EC0-301F-11D3-BF4B-00C04F79EFBC}") = "Lista_valogatas", "Lista_valogatas\Lista_valogatas.csproj", "{E767F0EB-DFA3-4D70-862A-7A883CCE5ED2}"
EndProject
Project("{FAE04EC0-301F-11D3-BF4B-00C04F79EFBC}") = "Szoveges_file_bekerese", "Szoveges_file_bekerese\Szoveges_file_bekerese.csproj", "{B80DBA14-B894-4A0A-B68A-E7F03713D5CB}"
EndProject
Project("{FAE04EC0-301F-11D3-BF4B-00C04F79EFBC}") = "static kulcsszo_bajaro minta", "static kulcsszo_bajaro minta\static kulcsszo_bajaro minta.csproj", "{DB65D087-2A84-45A7-BAFD-48F6FA5AB796}"
EndProject
Global
	GlobalSection(SolutionConfigurationPlatforms) = preSolution
		Debug|Any CPU = Debug|Any CPU
		Release|Any CPU = Release|Any CPU
	EndGlobalSection
	GlobalSection(ProjectConfigurationPlatforms) = postSolution
		{3E1E98F4-ACBD-416C-9A13-A5CFAF88AC17}.Debug|Any CPU.ActiveCfg = Debug|Any CPU
		{3E1E98F4-ACBD-416C-9A13-A5CFAF88AC17}.Debug|Any CPU.Build.0 = Debug|Any CPU
		{3E1E98F4-ACBD-416C-9A13-A5CFAF88AC17}.Release|Any CPU.ActiveCfg = Release|Any CPU
		{3E1E98F4-ACBD-416C-9A13-A5CFAF88AC17}.Release|Any CPU.Build.0 = Release|Any CPU
		{5ED7B9DA-6CA1-496D-8E50-EA275627D357}.Debug|Any CPU.ActiveCfg = Debug|Any CPU
		{5ED7B9DA-6CA1-496D-8E50-EA275627D357}.Debug|Any CPU.Build.0 = Debug|Any CPU
		{5ED7B9DA-6CA1-496D-8E50-EA275627D357}.Release|Any CPU.ActiveCfg = Release|Any CPU
		{5ED7B9DA-6CA1-496D-8E50-EA275627D357}.Release|Any CPU.Build.0 = Release|Any CPU
		{C6646508-8AA7-4339-A8F0-5D1285A017B3}.Debug|Any CPU.ActiveCfg = Debug|Any CPU
		{C6646508-8AA7-4339-A8F0-5D1285A017B3}.Debug|Any CPU.Build.0 = Debug|Any CPU
		{C6646508-8AA7-4339-A8F0-5D1285A017B3}.Release|Any CPU.ActiveCfg = Release|Any CPU
		{C6646508-8AA7-4339-A8F0-5D1285A017B3}.Release|Any CPU.Build.0 = Release|Any CPU
		{C9C327B6-C57A-4C9E-859C-283EC0FA06FD}.Debug|Any CPU.ActiveCfg = Debug|Any CPU
		{C9C327B6-C57A-4C9E-859C-283EC0FA06FD}.Debug|Any CPU.Build.0 = Debug|Any CPU
		{C9C327B6-C57A-4C9E-859C-283EC0FA06FD}.Release|Any CPU.ActiveCfg = Release|Any CPU
		{C9C327B6-C57A-4C9E-859C-283EC0FA06FD}.Release|Any CPU.Build.0 = Release|Any CPU
		{ED28CA86-486A-404A-896E-A662E3CB625D}.Debug|Any CPU.ActiveCfg = Debug|Any CPU
		{ED28CA86-486A-404A-896E-A662E3CB625D}.Debug|Any CPU.Build.0 = Debug|Any CPU
		{ED28CA86-486A-404A-896E-A662E3CB625D}.Release|Any CPU.ActiveCfg = Release|Any CPU
		{ED28CA86-486A-404A-896E-A662E3CB625D}.Release|Any CPU.Build.0 = Release|Any CPU
		{E5C1354F-03E8-4443-B79C-EAB381E9713D}.Debug|Any CPU.ActiveCfg = Debug|Any CPU
		{E5C1354F-03E8-4443-B79C-EAB381E9713D}.Debug|Any CPU.Build.0 = Debug|Any CPU
		{E5C1354F-03E8-4443-B79C-EAB381E9713D}.Release|Any CPU.ActiveCfg = Release|Any CPU
		{E5C1354F-03E8-4443-B79C-EAB381E9713D}.Release|Any CPU.Build.0 = Release|Any CPU
		{3DF0F656-15EE-404B-B199-02C4553EEB55}.Debug|Any CPU.ActiveCfg = Debug|Any CPU
		{3DF0F656-15EE-404B-B199-02C4553EEB55}.Debug|Any CPU.Build.0 = Debug|Any CPU
		{3DF0F656-15EE-404B-B199-02C4553EEB55}.Release|Any CPU.ActiveCfg = Release|Any CPU
		{3DF0F656-15EE-404B-B199-02C4553EEB55}.Release|Any CPU.Build.0 = Release|Any CPU
		{C5BE1B15-0E8C-40A0-A46E-08655BBCD65F}.Debug|Any CPU.ActiveCfg = Debug|Any CPU
		{C5BE1B15-0E8C-40A0-A46E-08655BBCD65F}.Debug|Any CPU.Build.0 = Debug|Any CPU
		{C5BE1B15-0E8C-40A0-A46E-08655BBCD65F}.Release|Any CPU.ActiveCfg = Release|Any CPU
		{C5BE1B15-0E8C-40A0-A46E-08655BBCD65F}.Release|Any CPU.Build.0 = Release|Any CPU
		{7CEBED7D-09A0-4519-9572-31859BA09AD2}.Debug|Any CPU.ActiveCfg = Debug|Any CPU
		{7CEBED7D-09A0-4519-9572-31859BA09AD2}.Debug|Any CPU.Build.0 = Debug|Any CPU
		{7CEBED7D-09A0-4519-9572-31859BA09AD2}.Release|Any CPU.ActiveCfg = Release|Any CPU
		{7CEBED7D-09A0-4519-9572-31859BA09AD2}.Release|Any CPU.Build.0 = Release|Any CPU
		{9F702B45-2980-41D6-9BD7-9D4A7E1D1793}.Debug|Any CPU.ActiveCfg = Debug|Any CPU
		{9F702B45-2980-41D6-9BD7-9D4A7E1D1793}.Debug|Any CPU.Build.0 = Debug|Any CPU
		{9F702B45-2980-41D6-9BD7-9D4A7E1D1793}.Release|Any CPU.ActiveCfg = Release|Any CPU
		{9F702B45-2980-41D6-9BD7-9D4A7E1D1793}.Release|Any CPU.Build.0 = Release|Any CPU
		{FC43B2FC-7A5D-4486-9428-E0D67180B260}.Debug|Any CPU.ActiveCfg = Debug|Any CPU
		{FC43B2FC-7A5D-4486-9428-E0D67180B260}.Debug|Any CPU.Build.0 = Debug|Any CPU
		{FC43B2FC-7A5D-4486-9428-E0D67180B260}.Release|Any CPU.ActiveCfg = Release|Any CPU
		{FC43B2FC-7A5D-4486-9428-E0D67180B260}.Release|Any CPU.Build.0 = Release|Any CPU
		{2DC471AB-BED3-4D19-B4C8-3EC7CAA6C266}.Debug|Any CPU.ActiveCfg = Debug|Any CPU
		{2DC471AB-BED3-4D19-B4C8-3EC7CAA6C266}.Debug|Any CPU.Build.0 = Debug|Any CPU
		{2DC471AB-BED3-4D19-B4C8-3EC7CAA6C266}.Release|Any CPU.ActiveCfg = Release|Any CPU
		{2DC471AB-BED3-4D19-B4C8-3EC7CAA6C266}.Release|Any CPU.Build.0 = Release|Any CPU
		{E5F547A4-D0B8-4926-BEF2-781647AF059B}.Debug|Any CPU.ActiveCfg = Debug|Any CPU
		{E5F547A4-D0B8-4926-BEF2-781647AF059B}.Debug|Any CPU.Build.0 = Debug|Any CPU
		{E5F547A4-D0B8-4926-BEF2-781647AF059B}.Release|Any CPU.ActiveCfg = Release|Any CPU
		{E5F547A4-D0B8-4926-BEF2-781647AF059B}.Release|Any CPU.Build.0 = Release|Any CPU
		{2BB22C01-D63D-4D41-A948-A5F53C74C1A8}.Debug|Any CPU.ActiveCfg = Debug|Any CPU
		{2BB22C01-D63D-4D41-A948-A5F53C74C1A8}.Debug|Any CPU.Build.0 = Debug|Any CPU
		{2BB22C01-D63D-4D41-A948-A5F53C74C1A8}.Release|Any CPU.ActiveCfg = Release|Any CPU
		{2BB22C01-D63D-4D41-A948-A5F53C74C1A8}.Release|Any CPU.Build.0 = Release|Any CPU
		{4881D939-A1AB-4AAE-96FC-A2DD8FE62685}.Debug|Any CPU.ActiveCfg = Debug|Any CPU
		{4881D939-A1AB-4AAE-96FC-A2DD8FE62685}.Debug|Any CPU.Build.0 = Debug|Any CPU
		{4881D939-A1AB-4AAE-96FC-A2DD8FE62685}.Release|Any CPU.ActiveCfg = Release|Any CPU
		{4881D939-A1AB-4AAE-96FC-A2DD8FE62685}.Release|Any CPU.Build.0 = Release|Any CPU
		{E767F0EB-DFA3-4D70-862A-7A883CCE5ED2}.Debug|Any CPU.ActiveCfg = Debug|Any CPU
		{E767F0EB-DFA3-4D70-862A-7A883CCE5ED2}.Debug|Any CPU.Build.0 = Debug|Any CPU
		{E767F0EB-DFA3-4D70-862A-7A883CCE5ED2}.Release|Any CPU.ActiveCfg = Release|Any CPU
		{E767F0EB-DFA3-4D70-862A-7A883CCE5ED2}.Release|Any CPU.Build.0 = Release|Any CPU
		{B80DBA14-B894-4A0A-B68A-E7F03713D5CB}.Debug|Any CPU.ActiveCfg = Debug|Any CPU
		{B80DBA14-B894-4A0A-B68A-E7F03713D5CB}.Debug|Any CPU.Build.0 = Debug|Any CPU
		{B80DBA14-B894-4A0A-B68A-E7F03713D5CB}.Release|Any CPU.ActiveCfg = Release|Any CPU
		{B80DBA14-B894-4A0A-B68A-E7F03713D5CB}.Release|Any CPU.Build.0 = Release|Any CPU
		{DB65D087-2A84-45A7-BAFD-48F6FA5AB796}.Debug|Any CPU.ActiveCfg = Debug|Any CPU
		{DB65D087-2A84-45A7-BAFD-48F6FA5AB796}.Debug|Any CPU.Build.0 = Debug|Any CPU
		{DB65D087-2A84-45A7-BAFD-48F6FA5AB796}.Release|Any CPU.ActiveCfg = Release|Any CPU
		{DB65D087-2A84-45A7-BAFD-48F6FA5AB796}.Release|Any CPU.Build.0 = Release|Any CPU
	EndGlobalSection
	GlobalSection(SolutionProperties) = preSolution
		HideSolutionNode = FALSE
	EndGlobalSection
	GlobalSection(ExtensibilityGlobals) = postSolution
		SolutionGuid = {CD5372A9-D81C-4AA3-B1A4-7380265ED26E}
	EndGlobalSection
EndGlobal
